
Microsoft Visual Studio Solution File, Format Version 12.00
# Visual Studio Version 16
VisualStudioVersion = 16.0.31019.35
MinimumVisualStudioVersion = 10.0.40219.1
Project("{8BC9CEB8-8B4A-11D0-8D11-00A0C91BC942}") = "OcTree", "OcTree\OcTree.vcxproj", "{4381A86F-0EB6-49F7-9E53-3BAA4D0E5385}"
EndProject
Project("{8BC9CEB8-8B4A-11D0-8D11-00A0C91BC942}") = "OcTree_Tests", "OcTree_Tests\OcTree_Tests.vcxproj", "{03960E40-F2DC-4BED-9C94-D1206BADCF8D}"
EndProject
Global
	GlobalSection(SolutionConfigurationPlatforms) = preSolution
		Debug|x64 = Debug|x64
		Debug|x86 = Debug|x86
		Release|x64 = Release|x64
		Release|x86 = Release|x86
	EndGlobalSection
	GlobalSection(ProjectConfigurationPlatforms) = postSolution
		{4381A86F-0EB6-49F7-9E53-3BAA4D0E5385}.Debug|x64.ActiveCfg = Debug|x64
		{4381A86F-0EB6-49F7-9E53-3BAA4D0E5385}.Debug|x64.Build.0 = Debug|x64
		{4381A86F-0EB6-49F7-9E53-3BAA4D0E5385}.Debug|x86.ActiveCfg = Debug|Win32
		{4381A86F-0EB6-49F7-9E53-3BAA4D0E5385}.Debug|x86.Build.0 = Debug|Win32
		{4381A86F-0EB6-49F7-9E53-3BAA4D0E5385}.Release|x64.ActiveCfg = Release|x64
		{4381A86F-0EB6-49F7-9E53-3BAA4D0E5385}.Release|x64.Build.0 = Release|x64
		{4381A86F-0EB6-49F7-9E53-3BAA4D0E5385}.Release|x86.ActiveCfg = Release|Win32
		{4381A86F-0EB6-49F7-9E53-3BAA4D0E5385}.Release|x86.Build.0 = Release|Win32
		{03960E40-F2DC-4BED-9C94-D1206BADCF8D}.Debug|x64.ActiveCfg = Debug|x64
		{03960E40-F2DC-4BED-9C94-D1206BADCF8D}.Debug|x64.Build.0 = Debug|x64
		{03960E40-F2DC-4BED-9C94-D1206BADCF8D}.Debug|x86.ActiveCfg = Debug|Win32
		{03960E40-F2DC-4BED-9C94-D1206BADCF8D}.Debug|x86.Build.0 = Debug|Win32
		{03960E40-F2DC-4BED-9C94-D1206BADCF8D}.Release|x64.ActiveCfg = Release|x64
		{03960E40-F2DC-4BED-9C94-D1206BADCF8D}.Release|x64.Build.0 = Release|x64
		{03960E40-F2DC-4BED-9C94-D1206BADCF8D}.Release|x86.ActiveCfg = Release|Win32
		{03960E40-F2DC-4BED-9C94-D1206BADCF8D}.Release|x86.Build.0 = Release|Win32
	EndGlobalSection
	GlobalSection(SolutionProperties) = preSolution
		HideSolutionNode = FALSE
	EndGlobalSection
	GlobalSection(ExtensibilityGlobals) = postSolution
		SolutionGuid = {5441906C-F46D-4C37-91BC-6B7C07150A50}
	EndGlobalSection
EndGlobal
